
Microsoft Visual Studio Solution File, Format Version 12.00
Project("{FAE04EC0-301F-11D3-BF4B-00C04F79EFBC}") = "ListenAlongSP", "ListenAlongSP\ListenAlongSP.csproj", "{3DBE6627-4079-4CD4-B3E1-73C02522AAA0}"
EndProject
Global
	GlobalSection(SolutionConfigurationPlatforms) = preSolution
		Debug|Any CPU = Debug|Any CPU
		Release|Any CPU = Release|Any CPU
	EndGlobalSection
	GlobalSection(ProjectConfigurationPlatforms) = postSolution
		{3DBE6627-4079-4CD4-B3E1-73C02522AAA0}.Debug|Any CPU.ActiveCfg = Debug|Any CPU
		{3DBE6627-4079-4CD4-B3E1-73C02522AAA0}.Debug|Any CPU.Build.0 = Debug|Any CPU
		{3DBE6627-4079-4CD4-B3E1-73C02522AAA0}.Release|Any CPU.ActiveCfg = Release|Any CPU
		{3DBE6627-4079-4CD4-B3E1-73C02522AAA0}.Release|Any CPU.Build.0 = Release|Any CPU
	EndGlobalSection
EndGlobal
